
Microsoft Visual Studio Solution File, Format Version 12.00
# Visual Studio 15
VisualStudioVersion = 15.0.28307.421
MinimumVisualStudioVersion = 10.0.40219.1
Project("{FAE04EC0-301F-11D3-BF4B-00C04F79EFBC}") = "gnc", "gnc\gnc.csproj", "{2C67658A-DC53-4527-8050-99D93C2616ED}"
EndProject
Global
	GlobalSection(SolutionConfigurationPlatforms) = preSolution
		Debug|Any CPU = Debug|Any CPU
		Release|Any CPU = Release|Any CPU
	EndGlobalSection
	GlobalSection(ProjectConfigurationPlatforms) = postSolution
		{2C67658A-DC53-4527-8050-99D93C2616ED}.Debug|Any CPU.ActiveCfg = Debug|Any CPU
		{2C67658A-DC53-4527-8050-99D93C2616ED}.Debug|Any CPU.Build.0 = Debug|Any CPU
		{2C67658A-DC53-4527-8050-99D93C2616ED}.Release|Any CPU.ActiveCfg = Release|Any CPU
		{2C67658A-DC53-4527-8050-99D93C2616ED}.Release|Any CPU.Build.0 = Release|Any CPU
	EndGlobalSection
	GlobalSection(SolutionProperties) = preSolution
		HideSolutionNode = FALSE
	EndGlobalSection
	GlobalSection(ExtensibilityGlobals) = postSolution
		SolutionGuid = {1D6383DA-4A5B-4656-883A-D0731BE28BCD}
	EndGlobalSection
EndGlobal
